github.com/flaxandteal/govukhugo v0.0.0-20260219155507-25bbaf71deb8 h1:mAVMFk/ux/hlE8cNrjQhs4xJwofPwSp4SqcJB9N2G3g=
github.com/flaxandteal/govukhugo v0.0.0-20260219155507-25bbaf71deb8/go.mod h1:bFk/uvSh+oWzrQeoniHec8xDJymnWZqtgqgteKLi8yE=
github.com/flaxandteal/hugo-cookies v0.1.1 h1:EbL0sDwSxJZNLXFyBy6hfM7os65g4ruBPedRqNe+Rmk=
github.com/flaxandteal/hugo-cookies v0.1.1/go.mod h1:yXeybjve5gdOaLp2i1NKmDVGiFTgJXL6WLjyJMISLvU=
github.com/flaxandteal/hugo-starches-fira v0.0.1 h1:+nZLCNNH/dCRG/O4ZcVyEnF1nQ6o5Y9I+arPfB+dQxk=
github.com/flaxandteal/hugo-starches-fira v0.0.1/go.mod h1:ZwKJlNwLK0AFVae1RMONbWOLmQvY8L03uyPdQG7SlK0=
github.com/flaxandteal/hugo-starches-fira v0.0.2 h1:JVMubkAKcptdiuHNYnjoZNLiUIQOKbkqyDBPBZiQ6NU=
github.com/flaxandteal/hugo-starches-fira v0.0.2/go.mod h1:ZwKJlNwLK0AFVae1RMONbWOLmQvY8L03uyPdQG7SlK0=
github.com/flaxandteal/starches v0.2.1-alpha.74 h1:mhX9QYT59v76Qptl5PdTNzlgUPk3Tne55NFxHNTUNGs=
github.com/flaxandteal/starches v0.2.1-alpha.74/go.mod h1:rEUnSSn3/j3eLoP0ux6I2eDY2TaNK942BuRuJhjANa0=
github.com/flaxandteal/starches v0.2.1-alpha.93 h1:OB7C/LFVP9YIaErsZDvsLUXyLq+WDbDIWiLKwH4aHH0=
github.com/flaxandteal/starches v0.2.1-alpha.93/go.mod h1:rEUnSSn3/j3eLoP0ux6I2eDY2TaNK942BuRuJhjANa0=
github.com/flaxandteal/starches v0.2.1-alpha.97 h1:8a1QD0EWPsIVK7j9bd263PY875hKZ9dSEIRfRMyGmPk=
github.com/flaxandteal/starches v0.2.1-alpha.97/go.mod h1:rEUnSSn3/j3eLoP0ux6I2eDY2TaNK942BuRuJhjANa0=
github.com/flaxandteal/starches v0.2.1-alpha.100 h1:w4LzIq0ir39ebaDTXTAl4xtPclapRhkeMYS340oV24I=
github.com/flaxandteal/starches v0.2.1-alpha.100/go.mod h1:rEUnSSn3/j3eLoP0ux6I2eDY2TaNK942BuRuJhjANa0=
github.com/flaxandteal/starches v0.2.1-alpha.104 h1:fMNtmxcFvUzYP46Mif5T4qH387RY5f8N5korH63XAJE=
github.com/flaxandteal/starches v0.2.1-alpha.104/go.mod h1:rEUnSSn3/j3eLoP0ux6I2eDY2TaNK942BuRuJhjANa0=
github.com/flaxandteal/starches v0.2.1-alpha.109 h1:E+/TYOHB5BP2oXQ+nnF+CYzBYPgPKnQDTuMH3gZ2x9A=
github.com/flaxandteal/starches v0.2.1-alpha.109/go.mod h1:rEUnSSn3/j3eLoP0ux6I2eDY2TaNK942BuRuJhjANa0=
github.com/flaxandteal/starches v0.2.1-alpha.110 h1:qJihxj2qfJO0oKAHIcWIxONagEDErwW6lmb71NgEk6E=
github.com/flaxandteal/starches v0.2.1-alpha.110/go.mod h1:WW1+PgdUA16ibmAmp3CcnVdfX/vFmV0QIg4woexSKTc=
github.com/flaxandteal/starches v0.2.1-alpha.113 h1:XCyZ/rxn042+XDuteAouSvIy4dwWUI9DBbMamtDSYac=
github.com/flaxandteal/starches v0.2.1-alpha.113/go.mod h1:WW1+PgdUA16ibmAmp3CcnVdfX/vFmV0QIg4woexSKTc=
github.com/flaxandteal/starches v0.2.1-alpha.114 h1:i0k3uobnueeFx7v18uM2LT9B4V7W85K+vNYjEjkw0Tw=
github.com/flaxandteal/starches v0.2.1-alpha.114/go.mod h1:WW1+PgdUA16ibmAmp3CcnVdfX/vFmV0QIg4woexSKTc=
github.com/flaxandteal/starches v0.2.1-alpha.115 h1:tMsv0NpC1b801hVvA2dzvxe5VpwdajGEU4nn7XU/fQY=
github.com/flaxandteal/starches v0.2.1-alpha.115/go.mod h1:WW1+PgdUA16ibmAmp3CcnVdfX/vFmV0QIg4woexSKTc=
github.com/flaxandteal/starches v0.2.1-alpha.117 h1:6Cl8ABy3pELixTi3qbym7IU6Bv4QctMDACBXt0ATqJk=
github.com/flaxandteal/starches v0.2.1-alpha.117/go.mod h1:WW1+PgdUA16ibmAmp3CcnVdfX/vFmV0QIg4woexSKTc=
github.com/flaxandteal/starches v0.2.1-alpha.131 h1:vBxNXNFOUxuxbShRS9jb8/SNY0dTcyNLOzBqv8Ky9yI=
github.com/flaxandteal/starches v0.2.1-alpha.131/go.mod h1:WW1+PgdUA16ibmAmp3CcnVdfX/vFmV0QIg4woexSKTc=
